
Microsoft Visual Studio Solution File, Format Version 12.00
# Visual Studio Version 17
VisualStudioVersion = 17.5.33530.505
MinimumVisualStudioVersion = 10.0.40219.1
Project("{FAE04EC0-301F-11D3-BF4B-00C04F79EFBC}") = "kordesii.framework", "kordesii.framework\kordesii.framework.csproj", "{F8BE6252-C184-42B7-8E09-0F12EF68E543}"
EndProject
Global
	GlobalSection(SolutionConfigurationPlatforms) = preSolution
		Debug|Any CPU = Debug|Any CPU
		Release|Any CPU = Release|Any CPU
	EndGlobalSection
	GlobalSection(ProjectConfigurationPlatforms) = postSolution
		{F8BE6252-C184-42B7-8E09-0F12EF68E543}.Debug|Any CPU.ActiveCfg = Debug|Any CPU
		{F8BE6252-C184-42B7-8E09-0F12EF68E543}.Debug|Any CPU.Build.0 = Debug|Any CPU
		{F8BE6252-C184-42B7-8E09-0F12EF68E543}.Release|Any CPU.ActiveCfg = Release|Any CPU
		{F8BE6252-C184-42B7-8E09-0F12EF68E543}.Release|Any CPU.Build.0 = Release|Any CPU
	EndGlobalSection
	GlobalSection(SolutionProperties) = preSolution
		HideSolutionNode = FALSE
	EndGlobalSection
	GlobalSection(ExtensibilityGlobals) = postSolution
		SolutionGuid = {4ED21D73-76C1-4ADE-A426-75EE5B62B19B}
	EndGlobalSection
EndGlobal
